// !$*UTF8*$!
{
	archiveVersion = 1;
	classes = {
	};
	objectVersion = 50;
	objects = {

/* Begin PBXBuildFile section */
		BAEC2C45263182A300FF40F4 /* AppDelegate.swift in Sources */ = {isa = PBXBuildFile; fileRef = BAEC2C44263182A300FF40F4 /* AppDelegate.swift */; };
		BAEC2C47263182A300FF40F4 /* SceneDelegate.swift in Sources */ = {isa = PBXBuildFile; fileRef = BAEC2C46263182A300FF40F4 /* SceneDelegate.swift */; };
		BAEC2C49263182A300FF40F4 /* ViewController.swift in Sources */ = {isa = PBXBuildFile; fileRef = BAEC2C48263182A300FF40F4 /* ViewController.swift */; };
		BAEC2C4C263182A300FF40F4 /* Main.storyboard in Resources */ = {isa = PBXBuildFile; fileRef = BAEC2C4A263182A300FF40F4 /* Main.storyboard */; };
		BAEC2C4E263182A600FF40F4 /* Assets.xcassets in Resources */ = {isa = PBXBuildFile; fileRef = BAEC2C4D263182A600FF40F4 /* Assets.xcassets */; };
		BAEC2C51263182A600FF40F4 /* LaunchScreen.storyboard in Resources */ = {isa = PBXBuildFile; fileRef = BAEC2C4F263182A600FF40F4 /* LaunchScreen.storyboard */; };
		BAEC2C5C263182A600FF40F4 /* TaskTests.swift in Sources */ = {isa = PBXBuildFile; fileRef = BAEC2C5B263182A600FF40F4 /* TaskTests.swift */; };
		BAEC2C67263182A600FF40F4 /* TaskUITests.swift in Sources */ = {isa = PBXBuildFile; fileRef = BAEC2C66263182A600FF40F4 /* TaskUITests.swift */; };
/* End PBXBuildFile section */

/* Begin PBXContainerItemProxy section */
		BAEC2C58263182A600FF40F4 /* PBXContainerItemProxy */ = {
			isa = PBXContainerItemProxy;
			containerPortal = BAEC2C39263182A300FF40F4 /* Project object */;
			proxyType = 1;
			remoteGlobalIDString = BAEC2C40263182A300FF40F4;
			remoteInfo = Task;
		};
		BAEC2C63263182A600FF40F4 /* PBXContainerItemProxy */ = {
			isa = PBXContainerItemProxy;
			containerPortal = BAEC2C39263182A300FF40F4 /* Project object */;
			proxyType = 1;
			remoteGlobalIDString = BAEC2C40263182A300FF40F4;
			remoteInfo = Task;
		};
/* End PBXContainerItemProxy section */

/* Begin PBXFileReference section */
		BAEC2C41263182A300FF40F4 /* Task.app */ = {isa = PBXFileReference; explicitFileType = wrapper.application; includeInIndex = 0; path = Task.app; sourceTree = BUILT_PRODUCTS_DIR; };
		BAEC2C44263182A300FF40F4 /* AppDelegate.swift */ = {isa = PBXFileReference; lastKnownFileType = sourcecode.swift; path = AppDelegate.swift; sourceTree = "<group>"; };
		BAEC2C46263182A300FF40F4 /* SceneDelegate.swift */ = {isa = PBXFileReference; lastKnownFileType = sourcecode.swift; path = SceneDelegate.swift; sourceTree = "<group>"; };
		BAEC2C48263182A300FF40F4 /* ViewController.swift */ = {isa = PBXFileReference; lastKnownFileType = sourcecode.swift; path = ViewController.swift; sourceTree = "<group>"; };
		BAEC2C4B263182A300FF40F4 /* Base */ = {isa = PBXFileReference; lastKnownFileType = file.storyboard; name = Base; path = Base.lproj/Main.storyboard; sourceTree = "<group>"; };
		BAEC2C4D263182A600FF40F4 /* Assets.xcassets */ = {isa = PBXFileReference; lastKnownFileType = folder.assetcatalog; path = Assets.xcassets; sourceTree = "<group>"; };
		BAEC2C50263182A600FF40F4 /* Base */ = {isa = PBXFileReference; lastKnownFileType = file.storyboard; name = Base; path = Base.lproj/LaunchScreen.storyboard; sourceTree = "<group>"; };
		BAEC2C52263182A600FF40F4 /* Info.plist */ = {isa = PBXFileReference; lastKnownFileType = text.plist.xml; path = Info.plist; sourceTree = "<group>"; };
		BAEC2C57263182A600FF40F4 /* TaskTests.xctest */ = {isa = PBXFileReference; explicitFileType = wrapper.cfbundle; includeInIndex = 0; path = TaskTests.xctest; sourceTree = BUILT_PRODUCTS_DIR; };
		BAEC2C5B263182A600FF40F4 /* TaskTests.swift */ = {isa = PBXFileReference; lastKnownFileType = sourcecode.swift; path = TaskTests.swift; sourceTree = "<group>"; };
		BAEC2C5D263182A600FF40F4 /* Info.plist */ = {isa = PBXFileReference; lastKnownFileType = text.plist.xml; path = Info.plist; sourceTree = "<group>"; };
		BAEC2C62263182A600FF40F4 /* TaskUITests.xctest */ = {isa = PBXFileReference; explicitFileType = wrapper.cfbundle; includeInIndex = 0; path = TaskUITests.xctest; sourceTree = BUILT_PRODUCTS_DIR; };
		BAEC2C66263182A600FF40F4 /* TaskUITests.swift */ = {isa = PBXFileReference; lastKnownFileType = sourcecode.swift; path = TaskUITests.swift; sourceTree = "<group>"; };
		BAEC2C68263182A600FF40F4 /* Info.plist */ = {isa = PBXFileReference; lastKnownFileType = text.plist.xml; path = Info.plist; sourceTree = "<group>"; };
/* End PBXFileReference section */

/* Begin PBXFrameworksBuildPhase section */
		BAEC2C3E263182A300FF40F4 /* Frameworks */ = {
			isa = PBXFrameworksBuildPhase;
			buildActionMask = 2147483647;
			files = (
			);
			runOnlyForDeploymentPostprocessing = 0;
		};
		BAEC2C54263182A600FF40F4 /* Frameworks */ = {
			isa = PBXFrameworksBuildPhase;
			buildActionMask = 2147483647;
			files = (
			);
			runOnlyForDeploymentPostprocessing = 0;
		};
		BAEC2C5F263182A600FF40F4 /* Frameworks */ = {
			isa = PBXFrameworksBuildPhase;
			buildActionMask = 2147483647;
			files = (
			);
			runOnlyForDeploymentPostprocessing = 0;
		};
/* End PBXFrameworksBuildPhase section */

/* Begin PBXGroup section */
		BAEC2C38263182A300FF40F4 = {
			isa = PBXGroup;
			children = (
				BAEC2C43263182A300FF40F4 /* Task */,
				BAEC2C5A263182A600FF40F4 /* TaskTests */,
				BAEC2C65263182A600FF40F4 /* TaskUITests */,
				BAEC2C42263182A300FF40F4 /* Products */,
			);
			sourceTree = "<group>";
		};
		BAEC2C42263182A300FF40F4 /* Products */ = {
			isa = PBXGroup;
			children = (
				BAEC2C41263182A300FF40F4 /* Task.app */,
				BAEC2C57263182A600FF40F4 /* TaskTests.xctest */,
				BAEC2C62263182A600FF40F4 /* TaskUITests.xctest */,
			);
			name = Products;
			sourceTree = "<group>";
		};
		BAEC2C43263182A300FF40F4 /* Task */ = {
			isa = PBXGroup;
			children = (
				BAEC2C44263182A300FF40F4 /* AppDelegate.swift */,
				BAEC2C46263182A300FF40F4 /* SceneDelegate.swift */,
				BAEC2C48263182A300FF40F4 /* ViewController.swift */,
				BAEC2C4A263182A300FF40F4 /* Main.storyboard */,
				BAEC2C4D263182A600FF40F4 /* Assets.xcassets */,
				BAEC2C4F263182A600FF40F4 /* LaunchScreen.storyboard */,
				BAEC2C52263182A600FF40F4 /* Info.plist */,
			);
			path = Task;
			sourceTree = "<group>";
		};
		BAEC2C5A263182A600FF40F4 /* TaskTests */ = {
			isa = PBXGroup;
			children = (
				BAEC2C5B263182A600FF40F4 /* TaskTests.swift */,
				BAEC2C5D263182A600FF40F4 /* Info.plist */,
			);
			path = TaskTests;
			sourceTree = "<group>";
		};
		BAEC2C65263182A600FF40F4 /* TaskUITests */ = {
			isa = PBXGroup;
			children = (
				BAEC2C66263182A600FF40F4 /* TaskUITests.swift */,
				BAEC2C68263182A600FF40F4 /* Info.plist */,
			);
			path = TaskUITests;
			sourceTree = "<group>";
		};
/* End PBXGroup section */

/* Begin PBXNativeTarget section */
		BAEC2C40263182A300FF40F4 /* Task */ = {
			isa = PBXNativeTarget;
			buildConfigurationList = BAEC2C6B263182A600FF40F4 /* Build configuration list for PBXNativeTarget "Task" */;
			buildPhases = (
				BAEC2C3D263182A300FF40F4 /* Sources */,
				BAEC2C3E263182A300FF40F4 /* Frameworks */,
				BAEC2C3F263182A300FF40F4 /* Resources */,
			);
			buildRules = (
			);
			dependencies = (
			);
			name = Task;
			productName = Task;
			productReference = BAEC2C41263182A300FF40F4 /* Task.app */;
			productType = "com.apple.product-type.application";
		};
		BAEC2C56263182A600FF40F4 /* TaskTests */ = {
			isa = PBXNativeTarget;
			buildConfigurationList = BAEC2C6E263182A600FF40F4 /* Build configuration list for PBXNativeTarget "TaskTests" */;
			buildPhases = (
				BAEC2C53263182A600FF40F4 /* Sources */,
				BAEC2C54263182A600FF40F4 /* Frameworks */,
				BAEC2C55263182A600FF40F4 /* Resources */,
			);
			buildRules = (
			);
			dependencies = (
				BAEC2C59263182A600FF40F4 /* PBXTargetDependency */,
			);
			name = TaskTests;
			productName = TaskTests;
			productReference = BAEC2C57263182A600FF40F4 /* TaskTests.xctest */;
			productType = "com.apple.product-type.bundle.unit-test";
		};
		BAEC2C61263182A600FF40F4 /* TaskUITests */ = {
			isa = PBXNativeTarget;
			buildConfigurationList = BAEC2C71263182A600FF40F4 /* Build configuration list for PBXNativeTarget "TaskUITests" */;
			buildPhases = (
				BAEC2C5E263182A600FF40F4 /* Sources */,
				BAEC2C5F263182A600FF40F4 /* Frameworks */,
				BAEC2C60263182A600FF40F4 /* Resources */,
			);
			buildRules = (
			);
			dependencies = (
				BAEC2C64263182A600FF40F4 /* PBXTargetDependency */,
			);
			name = TaskUITests;
			productName = TaskUITests;
			productReference = BAEC2C62263182A600FF40F4 /* TaskUITests.xctest */;
			productType = "com.apple.product-type.bundle.ui-testing";
		};
/* End PBXNativeTarget section */

/* Begin PBXProject section */
		BAEC2C39263182A300FF40F4 /* Project object */ = {
			isa = PBXProject;
			attributes = {
				LastSwiftUpdateCheck = 1140;
				LastUpgradeCheck = 1140;
				ORGANIZATIONNAME = HackerFactory;
				TargetAttributes = {
					BAEC2C40263182A300FF40F4 = {
						CreatedOnToolsVersion = 11.4.1;
					};
					BAEC2C56263182A600FF40F4 = {
						CreatedOnToolsVersion = 11.4.1;
						TestTargetID = BAEC2C40263182A300FF40F4;
					};
					BAEC2C61263182A600FF40F4 = {
						CreatedOnToolsVersion = 11.4.1;
						TestTargetID = BAEC2C40263182A300FF40F4;
					};
				};
			};
			buildConfigurationList = BAEC2C3C263182A300FF40F4 /* Build configuration list for PBXProject "Task" */;
			compatibilityVersion = "Xcode 9.3";
			developmentRegion = en;
			hasScannedForEncodings = 0;
			knownRegions = (
				en,
				Base,
			);
			mainGroup = BAEC2C38263182A300FF40F4;
			productRefGroup = BAEC2C42263182A300FF40F4 /* Products */;
			projectDirPath = "";
			projectRoot = "";
			targets = (
				BAEC2C40263182A300FF40F4 /* Task */,
				BAEC2C56263182A600FF40F4 /* TaskTests */,
				BAEC2C61263182A600FF40F4 /* TaskUITests */,
			);
		};
/* End PBXProject section */

/* Begin PBXResourcesBuildPhase section */
		BAEC2C3F263182A300FF40F4 /* Resources */ = {
			isa = PBXResourcesBuildPhase;
			buildActionMask = 2147483647;
			files = (
				BAEC2C51263182A600FF40F4 /* LaunchScreen.storyboard in Resources */,
				BAEC2C4E263182A600FF40F4 /* Assets.xcassets in Resources */,
				BAEC2C4C263182A300FF40F4 /* Main.storyboard in Resources */,
			);
			runOnlyForDeploymentPostprocessing = 0;
		};
		BAEC2C55263182A600FF40F4 /* Resources */ = {
			isa = PBXResourcesBuildPhase;
			buildActionMask = 2147483647;
			files = (
			);
			runOnlyForDeploymentPostprocessing = 0;
		};
		BAEC2C60263182A600FF40F4 /* Resources */ = {
			isa = PBXResourcesBuildPhase;
			buildActionMask = 2147483647;
			files = (
			);
			runOnlyForDeploymentPostprocessing = 0;
		};
/* End PBXResourcesBuildPhase section */

/* Begin PBXSourcesBuildPhase section */
		BAEC2C3D263182A300FF40F4 /* Sources */ = {
			isa = PBXSourcesBuildPhase;
			buildActionMask = 2147483647;
			files = (
				BAEC2C49263182A300FF40F4 /* ViewController.swift in Sources */,
				BAEC2C45263182A300FF40F4 /* AppDelegate.swift in Sources */,
				BAEC2C47263182A300FF40F4 /* SceneDelegate.swift in Sources */,
			);
			runOnlyForDeploymentPostprocessing = 0;
		};
		BAEC2C53263182A600FF40F4 /* Sources */ = {
			isa = PBXSourcesBuildPhase;
			buildActionMask = 2147483647;
			files = (
				BAEC2C5C263182A600FF40F4 /* TaskTests.swift in Sources */,
			);
			runOnlyForDeploymentPostprocessing = 0;
		};
		BAEC2C5E263182A600FF40F4 /* Sources */ = {
			isa = PBXSourcesBuildPhase;
			buildActionMask = 2147483647;
			files = (
				BAEC2C67263182A600FF40F4 /* TaskUITests.swift in Sources */,
			);
			runOnlyForDeploymentPostprocessing = 0;
		};
/* End PBXSourcesBuildPhase section */

/* Begin PBXTargetDependency section */
		BAEC2C59263182A600FF40F4 /* PBXTargetDependency */ = {
			isa = PBXTargetDependency;
			target = BAEC2C40263182A300FF40F4 /* Task */;
			targetProxy = BAEC2C58263182A600FF40F4 /* PBXContainerItemProxy */;
		};
		BAEC2C64263182A600FF40F4 /* PBXTargetDependency */ = {
			isa = PBXTargetDependency;
			target = BAEC2C40263182A300FF40F4 /* Task */;
			targetProxy = BAEC2C63263182A600FF40F4 /* PBXContainerItemProxy */;
		};
/* End PBXTargetDependency section */

/* Begin PBXVariantGroup section */
		BAEC2C4A263182A300FF40F4 /* Main.storyboard */ = {
			isa = PBXVariantGroup;
			children = (
				BAEC2C4B263182A300FF40F4 /* Base */,
			);
			name = Main.storyboard;
			sourceTree = "<group>";
		};
		BAEC2C4F263182A600FF40F4 /* LaunchScreen.storyboard */ = {
			isa = PBXVariantGroup;
			children = (
				BAEC2C50263182A600FF40F4 /* Base */,
			);
			name = LaunchScreen.storyboard;
			sourceTree = "<group>";
		};
/* End PBXVariantGroup section */

/* Begin XCBuildConfiguration section */
		BAEC2C69263182A600FF40F4 /* Debug */ = {
			isa = XCBuildConfiguration;
			buildSettings = {
				ALWAYS_SEARCH_USER_PATHS = NO;
				CLANG_ANALYZER_NONNULL = YES;
				CLANG_ANALYZER_NUMBER_OBJECT_CONVERSION = YES_AGGRESSIVE;
				CLANG_CXX_LANGUAGE_STANDARD = "gnu++14";
				CLANG_CXX_LIBRARY = "libc++";
				CLANG_ENABLE_MODULES = YES;
				CLANG_ENABLE_OBJC_ARC = YES;
				CLANG_ENABLE_OBJC_WEAK = YES;
				CLANG_WARN_BLOCK_CAPTURE_AUTORELEASING = YES;
				CLANG_WARN_BOOL_CONVERSION = YES;
				CLANG_WARN_COMMA = YES;
				CLANG_WARN_CONSTANT_CONVERSION = YES;
				CLANG_WARN_DEPRECATED_OBJC_IMPLEMENTATIONS = YES;
				CLANG_WARN_DIRECT_OBJC_ISA_USAGE = YES_ERROR;
				CLANG_WARN_DOCUMENTATION_COMMENTS = YES;
				CLANG_WARN_EMPTY_BODY = YES;
				CLANG_WARN_ENUM_CONVERSION = YES;
				CLANG_WARN_INFINITE_RECURSION = YES;
				CLANG_WARN_INT_CONVERSION = YES;
				CLANG_WARN_NON_LITERAL_NULL_CONVERSION = YES;
				CLANG_WARN_OBJC_IMPLICIT_RETAIN_SELF = YES;
				CLANG_WARN_OBJC_LITERAL_CONVERSION = YES;
				CLANG_WARN_OBJC_ROOT_CLASS = YES_ERROR;
				CLANG_WARN_RANGE_LOOP_ANALYSIS = YES;
				CLANG_WARN_STRICT_PROTOTYPES = YES;
				CLANG_WARN_SUSPICIOUS_MOVE = YES;
				CLANG_WARN_UNGUARDED_AVAILABILITY = YES_AGGRESSIVE;
				CLANG_WARN_UNREACHABLE_CODE = YES;
				CLANG_WARN__DUPLICATE_METHOD_MATCH = YES;
				COPY_PHASE_STRIP = NO;
				DEBUG_INFORMATION_FORMAT = dwarf;
				ENABLE_STRICT_OBJC_MSGSEND = YES;
				ENABLE_TESTABILITY = YES;
				GCC_C_LANGUAGE_STANDARD = gnu11;
				GCC_DYNAMIC_NO_PIC = NO;
				GCC_NO_COMMON_BLOCKS = YES;
				GCC_OPTIMIZATION_LEVEL = 0;
				GCC_PREPROCESSOR_DEFINITIONS = (
					"DEBUG=1",
					"$(inherited)",
				);
				GCC_WARN_64_TO_32_BIT_CONVERSION = YES;
				GCC_WARN_ABOUT_RETURN_TYPE = YES_ERROR;
				GCC_WARN_UNDECLARED_SELECTOR = YES;
				GCC_WARN_UNINITIALIZED_AUTOS = YES_AGGRESSIVE;
				GCC_WARN_UNUSED_FUNCTION = YES;
				GCC_WARN_UNUSED_VARIABLE = YES;
				IPHONEOS_DEPLOYMENT_TARGET = 13.4;
				MTL_ENABLE_DEBUG_INFO = INCLUDE_SOURCE;
				MTL_FAST_MATH = YES;
				ONLY_ACTIVE_ARCH = YES;
				SDKROOT = iphoneos;
				SWIFT_ACTIVE_COMPILATION_CONDITIONS = DEBUG;
				SWIFT_OPTIMIZATION_LEVEL = "-Onone";
			};
			name = Debug;
		};
		BAEC2C6A263182A600FF40F4 /* Release */ = {
			isa = XCBuildConfiguration;
			buildSettings = {
				ALWAYS_SEARCH_USER_PATHS = NO;
				CLANG_ANALYZER_NONNULL = YES;
				CLANG_ANALYZER_NUMBER_OBJECT_CONVERSION = YES_AGGRESSIVE;
				CLANG_CXX_LANGUAGE_STANDARD = "gnu++14";
				CLANG_CXX_LIBRARY = "libc++";
				CLANG_ENABLE_MODULES = YES;
				CLANG_ENABLE_OBJC_ARC = YES;
				CLANG_ENABLE_OBJC_WEAK = YES;
				CLANG_WARN_BLOCK_CAPTURE_AUTORELEASING = YES;
				CLANG_WARN_BOOL_CONVERSION = YES;
				CLANG_WARN_COMMA = YES;
				CLANG_WARN_CONSTANT_CONVERSION = YES;
				CLANG_WARN_DEPRECATED_OBJC_IMPLEMENTATIONS = YES;
				CLANG_WARN_DIRECT_OBJC_ISA_USAGE = YES_ERROR;
				CLANG_WARN_DOCUMENTATION_COMMENTS = YES;
				CLANG_WARN_EMPTY_BODY = YES;
				CLANG_WARN_ENUM_CONVERSION = YES;
				CLANG_WARN_INFINITE_RECURSION = YES;
				CLANG_WARN_INT_CONVERSION = YES;
				CLANG_WARN_NON_LITERAL_NULL_CONVERSION = YES;
				CLANG_WARN_OBJC_IMPLICIT_RETAIN_SELF = YES;
				CLANG_WARN_OBJC_LITERAL_CONVERSION = YES;
				CLANG_WARN_OBJC_ROOT_CLASS = YES_ERROR;
				CLANG_WARN_RANGE_LOOP_ANALYSIS = YES;
				CLANG_WARN_STRICT_PROTOTYPES = YES;
				CLANG_WARN_SUSPICIOUS_MOVE = YES;
				CLANG_WARN_UNGUARDED_AVAILABILITY = YES_AGGRESSIVE;
				CLANG_WARN_UNREACHABLE_CODE = YES;
				CLANG_WARN__DUPLICATE_METHOD_MATCH = YES;
				COPY_PHASE_STRIP = NO;
				DEBUG_INFORMATION_FORMAT = "dwarf-with-dsym";
				ENABLE_NS_ASSERTIONS = NO;
				ENABLE_STRICT_OBJC_MSGSEND = YES;
				GCC_C_LANGUAGE_STANDARD = gnu11;
				GCC_NO_COMMON_BLOCKS = YES;
				GCC_WARN_64_TO_32_BIT_CONVERSION = YES;
				GCC_WARN_ABOUT_RETURN_TYPE = YES_ERROR;
				GCC_WARN_UNDECLARED_SELECTOR = YES;
				GCC_WARN_UNINITIALIZED_AUTOS = YES_AGGRESSIVE;
				GCC_WARN_UNUSED_FUNCTION = YES;
				GCC_WARN_UNUSED_VARIABLE = YES;
				IPHONEOS_DEPLOYMENT_TARGET = 13.4;
				MTL_ENABLE_DEBUG_INFO = NO;
				MTL_FAST_MATH = YES;
				SDKROOT = iphoneos;
				SWIFT_COMPILATION_MODE = wholemodule;
				SWIFT_OPTIMIZATION_LEVEL = "-O";
				VALIDATE_PRODUCT = YES;
			};
			name = Release;
		};
		BAEC2C6C263182A600FF40F4 /* Debug */ = {
			isa = XCBuildConfiguration;
			buildSettings = {
				ASSETCATALOG_COMPILER_APPICON_NAME = AppIcon;
				CODE_SIGN_STYLE = Automatic;
				INFOPLIST_FILE = Task/Info.plist;
				LD_RUNPATH_SEARCH_PATHS = (
					"$(inherited)",
					"@executable_path/Frameworks",
				);
				PRODUCT_BUNDLE_IDENTIFIER = hackerfactory.Task;
				PRODUCT_NAME = "$(TARGET_NAME)";
				SWIFT_VERSION = 5.0;
				TARGETED_DEVICE_FAMILY = "1,2";
			};
			name = Debug;
		};
		BAEC2C6D263182A600FF40F4 /* Release */ = {
			isa = XCBuildConfiguration;
			buildSettings = {
				ASSETCATALOG_COMPILER_APPICON_NAME = AppIcon;
				CODE_SIGN_STYLE = Automatic;
				INFOPLIST_FILE = Task/Info.plist;
				LD_RUNPATH_SEARCH_PATHS = (
					"$(inherited)",
					"@executable_path/Frameworks",
				);
				PRODUCT_BUNDLE_IDENTIFIER = hackerfactory.Task;
				PRODUCT_NAME = "$(TARGET_NAME)";
				SWIFT_VERSION = 5.0;
				TARGETED_DEVICE_FAMILY = "1,2";
			};
			name = Release;
		};
		BAEC2C6F263182A600FF40F4 /* Debug */ = {
			isa = XCBuildConfiguration;
			buildSettings = {
				ALWAYS_EMBED_SWIFT_STANDARD_LIBRARIES = YES;
				BUNDLE_LOADER = "$(TEST_HOST)";
				CODE_SIGN_STYLE = Automatic;
				INFOPLIST_FILE = TaskTests/Info.plist;
				IPHONEOS_DEPLOYMENT_TARGET = 13.4;
				LD_RUNPATH_SEARCH_PATHS = (
					"$(inherited)",
					"@executable_path/Frameworks",
					"@loader_path/Frameworks",
				);
				PRODUCT_BUNDLE_IDENTIFIER = hackerfactory.TaskTests;
				PRODUCT_NAME = "$(TARGET_NAME)";
				SWIFT_VERSION = 5.0;
				TARGETED_DEVICE_FAMILY = "1,2";
				TEST_HOST = "$(BUILT_PRODUCTS_DIR)/Task.app/Task";
			};
			name = Debug;
		};
		BAEC2C70263182A600FF40F4 /* Release */ = {
			isa = XCBuildConfiguration;
			buildSettings = {
				ALWAYS_EMBED_SWIFT_STANDARD_LIBRARIES = YES;
				BUNDLE_LOADER = "$(TEST_HOST)";
				CODE_SIGN_STYLE = Automatic;
				INFOPLIST_FILE = TaskTests/Info.plist;
				IPHONEOS_DEPLOYMENT_TARGET = 13.4;
				LD_RUNPATH_SEARCH_PATHS = (
					"$(inherited)",
					"@executable_path/Frameworks",
					"@loader_path/Frameworks",
				);
				PRODUCT_BUNDLE_IDENTIFIER = hackerfactory.TaskTests;
				PRODUCT_NAME = "$(TARGET_NAME)";
				SWIFT_VERSION = 5.0;
				TARGETED_DEVICE_FAMILY = "1,2";
				TEST_HOST = "$(BUILT_PRODUCTS_DIR)/Task.app/Task";
			};
			name = Release;
		};
		BAEC2C72263182A600FF40F4 /* Debug */ = {
			isa = XCBuildConfiguration;
			buildSettings = {
				ALWAYS_EMBED_SWIFT_STANDARD_LIBRARIES = YES;
				CODE_SIGN_STYLE = Automatic;
				INFOPLIST_FILE = TaskUITests/Info.plist;
				LD_RUNPATH_SEARCH_PATHS = (
					"$(inherited)",
					"@executable_path/Frameworks",
					"@loader_path/Frameworks",
				);
				PRODUCT_BUNDLE_IDENTIFIER = hackerfactory.TaskUITests;
				PRODUCT_NAME = "$(TARGET_NAME)";
				SWIFT_VERSION = 5.0;
				TARGETED_DEVICE_FAMILY = "1,2";
				TEST_TARGET_NAME = Task;
			};
			name = Debug;
		};
		BAEC2C73263182A600FF40F4 /* Release */ = {
			isa = XCBuildConfiguration;
			buildSettings = {
				ALWAYS_EMBED_SWIFT_STANDARD_LIBRARIES = YES;
				CODE_SIGN_STYLE = Automatic;
				INFOPLIST_FILE = TaskUITests/Info.plist;
				LD_RUNPATH_SEARCH_PATHS = (
					"$(inherited)",
					"@executable_path/Frameworks",
					"@loader_path/Frameworks",
				);
				PRODUCT_BUNDLE_IDENTIFIER = hackerfactory.TaskUITests;
				PRODUCT_NAME = "$(TARGET_NAME)";
				SWIFT_VERSION = 5.0;
				TARGETED_DEVICE_FAMILY = "1,2";
				TEST_TARGET_NAME = Task;
			};
			name = Release;
		};
/* End XCBuildConfiguration section */

/* Begin XCConfigurationList section */
		BAEC2C3C263182A300FF40F4 /* Build configuration list for PBXProject "Task" */ = {
			isa = XCConfigurationList;
			buildConfigurations = (
				BAEC2C69263182A600FF40F4 /* Debug */,
				BAEC2C6A263182A600FF40F4 /* Release */,
			);
			defaultConfigurationIsVisible = 0;
			defaultConfigurationName = Release;
		};
		BAEC2C6B263182A600FF40F4 /* Build configuration list for PBXNativeTarget "Task" */ = {
			isa = XCConfigurationList;
			buildConfigurations = (
				BAEC2C6C263182A600FF40F4 /* Debug */,
				BAEC2C6D263182A600FF40F4 /* Release */,
			);
			defaultConfigurationIsVisible = 0;
			defaultConfigurationName = Release;
		};
		BAEC2C6E263182A600FF40F4 /* Build configuration list for PBXNativeTarget "TaskTests" */ = {
			isa = XCConfigurationList;
			buildConfigurations = (
				BAEC2C6F263182A600FF40F4 /* Debug */,
				BAEC2C70263182A600FF40F4 /* Release */,
			);
			defaultConfigurationIsVisible = 0;
			defaultConfigurationName = Release;
		};
		BAEC2C71263182A600FF40F4 /* Build configuration list for PBXNativeTarget "TaskUITests" */ = {
			isa = XCConfigurationList;
			buildConfigurations = (
				BAEC2C72263182A600FF40F4 /* Debug */,
				BAEC2C73263182A600FF40F4 /* Release */,
			);
			defaultConfigurationIsVisible = 0;
			defaultConfigurationName = Release;
		};
/* End XCConfigurationList section */
	};
	rootObject = BAEC2C39263182A300FF40F4 /* Project object */;
}
